Microsoft Visual Studio Solution File, Format Version 12.00
# Visual Studio Version 17
VisualStudioVersion = 17.5.2.0
MinimumVisualStudioVersion = 10.0.40219.1
Project("{2150E333-8FDC-42A3-9474-1A3956D46DE8}") = "control_app", "control_app", "{22C66F1D-4781-1FA1-DF29-AEB556444CB7}"
EndProject
Project("{FAE04EC0-301F-11D3-BF4B-00C04F79EFBC}") = "SacnController", "control_app\SacnController\SacnController.csproj", "{5965A29F-F675-498B-3F5E-800D93C46153}"
EndProject
Global
	GlobalSection(SolutionConfigurationPlatforms) = preSolution
		Debug|Any CPU = Debug|Any CPU
		Release|Any CPU = Release|Any CPU
	EndGlobalSection
	GlobalSection(ProjectConfigurationPlatforms) = postSolution
		{5965A29F-F675-498B-3F5E-800D93C46153}.Debug|Any CPU.ActiveCfg = Debug|Any CPU
		{5965A29F-F675-498B-3F5E-800D93C46153}.Debug|Any CPU.Build.0 = Debug|Any CPU
		{5965A29F-F675-498B-3F5E-800D93C46153}.Release|Any CPU.ActiveCfg = Release|Any CPU
		{5965A29F-F675-498B-3F5E-800D93C46153}.Release|Any CPU.Build.0 = Release|Any CPU
	EndGlobalSection
	GlobalSection(SolutionProperties) = preSolution
		HideSolutionNode = FALSE
	EndGlobalSection
	GlobalSection(NestedProjects) = preSolution
		{5965A29F-F675-498B-3F5E-800D93C46153} = {22C66F1D-4781-1FA1-DF29-AEB556444CB7}
	EndGlobalSection
	GlobalSection(ExtensibilityGlobals) = postSolution
		SolutionGuid = {A77C6BBC-341A-47AB-9036-EF515F925F64}
	EndGlobalSection
EndGlobal
